lockVersion: 2.0.0
id: 95d4d11c-e322-4e38-9ede-6e6dcc472d64
management:
  docChecksum: 4bdcc7ff47af84393a6fa05fd169612e
  docVersion: 1.0.0
  speakeasyVersion: 1.358.0
  generationVersion: 2.390.6
  releaseVersion: 0.1.1
  configChecksum: b16158a2c0e1c4377562831803d370a4
  repoURL: https://github.com/steamsets/node-steamsets.git
  installationURL: https://github.com/steamsets/node-steamsets
  published: true
features:
  go:
    additionalDependencies: 0.1.0
    constsAndDefaults: 0.1.5
    core: 3.5.3
    defaultEnabledRetries: 0.2.0
    devContainers: 2.90.0
    envVarSecurityUsage: 0.3.0
    globalSecurity: 2.82.10
    globalSecurityCallbacks: 0.1.0
    globalServerURLs: 2.82.2
    intellisenseMarkdownSupport: 0.1.0
    nullables: 0.1.0
    responseFormat: 0.1.2
    retries: 2.83.0
    sdkHooks: 0.1.0
  typescript:
    additionalDependencies: 0.1.0
    constsAndDefaults: 0.1.6
    core: 3.12.3
    defaultEnabledRetries: 0.1.0
    devContainers: 2.90.0
    envVarSecurityUsage: 0.1.1
    globalSecurity: 2.82.11
    globalSecurityCallbacks: 0.1.0
    globalServerURLs: 2.82.4
    nullables: 0.1.0
    responseFormat: 0.2.3
    retries: 2.83.0
    sdkHooks: 0.1.0
generatedFiles:
  - src/funcs/accountAccountV1Apps.ts
  - src/funcs/accountAccountV1Badge.ts
  - src/funcs/livenessLiveness.ts
  - src/sdk/account.ts
  - src/sdk/liveness.ts
  - src/sdk/sdk.ts
  - .eslintrc.cjs
  - .npmignore
  - RUNTIMES.md
  - jsr.json
  - package.json
  - src/core.ts
  - src/index.ts
  - src/lib/base64.ts
  - src/lib/config.ts
  - src/lib/dlv.ts
  - src/lib/encodings.ts
  - src/lib/http.ts
  - src/lib/is-plain-object.ts
  - src/lib/matchers.ts
  - src/lib/primitives.ts
  - src/lib/retries.ts
  - src/lib/schemas.ts
  - src/lib/sdks.ts
  - src/lib/security.ts
  - src/lib/url.ts
  - src/sdk/index.ts
  - src/models/errors/httpclienterrors.ts
  - src/models/errors/sdkerror.ts
  - src/models/errors/sdkvalidationerror.ts
  - src/types/blobs.ts
  - src/types/enums.ts
  - src/types/fp.ts
  - src/types/index.ts
  - src/types/operations.ts
  - src/types/rfcdate.ts
  - tsconfig.json
  - src/models/components/v1accountsappsresponsebody.ts
  - src/models/components/v1app.ts
  - src/models/components/errordetail.ts
  - src/models/components/v1badgesappsresponsebody.ts
  - src/models/components/v1badge.ts
  - src/models/components/v1livenessresponsebody.ts
  - src/models/components/security.ts
  - src/models/errors/errormodel.ts
  - src/models/errors/index.ts
  - src/models/components/index.ts
  - docs/models/components/v1accountsappsresponsebody.md
  - docs/models/components/v1app.md
  - docs/models/components/errordetail.md
  - docs/models/components/v1badgesappsresponsebody.md
  - docs/models/components/v1badge.md
  - docs/models/components/v1livenessresponsebody.md
  - docs/models/components/security.md
  - docs/models/errors/errormodel.md
  - docs/sdks/steamsets/README.md
  - docs/lib/utils/retryconfig.md
  - docs/sdks/account/README.md
  - docs/sdks/liveness/README.md
  - USAGE.md
  - .gitattributes
  - .devcontainer/README.md
  - .devcontainer/devcontainer.json
  - .devcontainer/setup.sh
  - src/hooks/hooks.ts
  - src/hooks/types.ts
  - src/hooks/index.ts
  - CONTRIBUTING.md
