speakeasyVersion: 1.761.9
sources:
    API:
        sourceNamespace: api
        sourceRevisionDigest: sha256:e68aa141ee247cff0f2e92066d8d6a81c57c1d7c952227bfb497978b9e49b49a
        sourceBlobDigest: sha256:acf1705ede76f50ae5fb61088a24afe7bb8a280593369f792048a0e4a2cd709a
        tags:
            - latest
            - 1.0.0
    SteamSets-OAS:
        sourceNamespace: steam-sets-oas
        sourceRevisionDigest: sha256:30a9312dee5e350dcebe7a8d25d7040cdd39d7f9e02c75a183b6fd046a69e405
        sourceBlobDigest: sha256:03933ec3a90b90df96e20eca224352beede47e134bcac9237ce1a37d028ec88d
        tags:
            - latest
            - main
targets:
    steam-sets:
        source: API
        sourceNamespace: api
        sourceRevisionDigest: sha256:e68aa141ee247cff0f2e92066d8d6a81c57c1d7c952227bfb497978b9e49b49a
        sourceBlobDigest: sha256:acf1705ede76f50ae5fb61088a24afe7bb8a280593369f792048a0e4a2cd709a
        codeSamplesNamespace: api-typescript-code-samples
        codeSamplesRevisionDigest: sha256:5bc77a95c3a660b89ab3c2fdf0e26ef1b0c9e639cef1b8a6b0c6ebe090e33b10
workflow:
    workflowVersion: 1.0.0
    speakeasyVersion: latest
    sources:
        API:
            inputs:
                - location: https://api.steamsets.com/openapi.json
            overlays:
                - location: .speakeasy/speakeasy-modifications-overlay.yaml
            registry:
                location: registry.speakeasyapi.dev/steamsets/steamsets/api
    targets:
        steam-sets:
            target: typescript
            source: API
            publish:
                npm:
                    token: $npm_token
            codeSamples:
                registry:
                    location: registry.speakeasyapi.dev/steamsets/steamsets/api-typescript-code-samples
                blocking: false
