speakeasyVersion: 1.460.3
sources:
    API:
        sourceNamespace: api
        sourceRevisionDigest: sha256:404b93a9bdcdc39fd5c32b1abb21c2f11a99a801d78d1f2ff74df948f1a369ff
        sourceBlobDigest: sha256:62c2d980ff5ba06e33be214137903b024cfb3f8fdbf39057c24540c6ac4645f4
        tags:
            - latest
            - speakeasy-sdk-regen-1735751137
            - 1.0.0
    SteamSets-OAS:
        sourceNamespace: steam-sets-oas
        sourceRevisionDigest: sha256:30a9312dee5e350dcebe7a8d25d7040cdd39d7f9e02c75a183b6fd046a69e405
        sourceBlobDigest: sha256:03933ec3a90b90df96e20eca224352beede47e134bcac9237ce1a37d028ec88d
        tags:
            - latest
            - main
targets:
    steam-sets:
        source: API
        sourceNamespace: api
        sourceRevisionDigest: sha256:404b93a9bdcdc39fd5c32b1abb21c2f11a99a801d78d1f2ff74df948f1a369ff
        sourceBlobDigest: sha256:62c2d980ff5ba06e33be214137903b024cfb3f8fdbf39057c24540c6ac4645f4
        codeSamplesNamespace: api-typescript-code-samples
        codeSamplesRevisionDigest: sha256:a10aaa54c96af7f3ff2be36eb79fdf8014fb1682bcdaae18f2503feab451a546
workflow:
    workflowVersion: 1.0.0
    speakeasyVersion: latest
    sources:
        API:
            inputs:
                - location: https://api.steamsets.com/openapi.json
            overlays:
                - location: .speakeasy/speakeasy-modifications-overlay.yaml
            registry:
                location: registry.speakeasyapi.dev/steamsets/steamsets/api
    targets:
        steam-sets:
            target: typescript
            source: API
            publish:
                npm:
                    token: $npm_token
            codeSamples:
                registry:
                    location: registry.speakeasyapi.dev/steamsets/steamsets/api-typescript-code-samples
                blocking: false
