speakeasyVersion: 1.418.1
sources:
    API:
        sourceNamespace: api
        sourceRevisionDigest: sha256:077026ebb80877dc23ef3f76565105161f50f88d4027cd624bb1f107a4e81fe0
        sourceBlobDigest: sha256:61b45861390ef1038f4bf7ceda149234a1f3ea0cc7604099e6bb7cf163894b7d
        tags:
            - latest
            - main
    SteamSets-OAS:
        sourceNamespace: steam-sets-oas
        sourceRevisionDigest: sha256:30a9312dee5e350dcebe7a8d25d7040cdd39d7f9e02c75a183b6fd046a69e405
        sourceBlobDigest: sha256:03933ec3a90b90df96e20eca224352beede47e134bcac9237ce1a37d028ec88d
        tags:
            - latest
            - main
targets:
    steam-sets:
        source: API
        sourceNamespace: api
        sourceRevisionDigest: sha256:077026ebb80877dc23ef3f76565105161f50f88d4027cd624bb1f107a4e81fe0
        sourceBlobDigest: sha256:61b45861390ef1038f4bf7ceda149234a1f3ea0cc7604099e6bb7cf163894b7d
workflow:
    workflowVersion: 1.0.0
    speakeasyVersion: latest
    sources:
        API:
            inputs:
                - location: https://api.steamsets.com/openapi.json
            registry:
                location: registry.speakeasyapi.dev/steamsets/steamsets/api
    targets:
        steam-sets:
            target: typescript
            source: API
            publish:
                npm:
                    token: $npm_token
